
Microsoft Visual Studio Solution File, Format Version 12.00
# Visual Studio Version 17
VisualStudioVersion = 17.3.32929.385
MinimumVisualStudioVersion = 10.0.40219.1
Project("{FAE04EC0-301F-11D3-BF4B-00C04F79EFBC}") = "ReactFinalApi", "ReactFinalApi\ReactFinalApi.csproj", "{F1B862F8-4F07-4FCA-9C0E-A6F8C2953C01}"
EndProject
Global
	GlobalSection(SolutionConfigurationPlatforms) = preSolution
		Debug|Any CPU = Debug|Any CPU
		Release|Any CPU = Release|Any CPU
	EndGlobalSection
	GlobalSection(ProjectConfigurationPlatforms) = postSolution
		{F1B862F8-4F07-4FCA-9C0E-A6F8C2953C01}.Debug|Any CPU.ActiveCfg = Debug|Any CPU
		{F1B862F8-4F07-4FCA-9C0E-A6F8C2953C01}.Debug|Any CPU.Build.0 = Debug|Any CPU
		{F1B862F8-4F07-4FCA-9C0E-A6F8C2953C01}.Release|Any CPU.ActiveCfg = Release|Any CPU
		{F1B862F8-4F07-4FCA-9C0E-A6F8C2953C01}.Release|Any CPU.Build.0 = Release|Any CPU
	EndGlobalSection
	GlobalSection(SolutionProperties) = preSolution
		HideSolutionNode = FALSE
	EndGlobalSection
	GlobalSection(ExtensibilityGlobals) = postSolution
		SolutionGuid = {26092527-6C0B-48D0-90DD-435780BFBEA9}
	EndGlobalSection
EndGlobal
